<?xml version="1.0" encoding="utf-8"?>
<Project ToolsVersion="4.0" xmlns="http://schemas.microsoft.com/developer/msbuild/2003">
  <ItemGroup>
    <Filter Include="File di origine">
      <UniqueIdentifier>{4FC737F1-C7A5-4376-A066-2A32D752A2FF}</UniqueIdentifier>
      <Extensions>cpp;c;cc;cxx;c++;cppm;ixx;def;odl;idl;hpj;bat;asm;asmx</Extensions>
    </Filter>
    <Filter Include="File di intestazione">
      <UniqueIdentifier>{93995380-89BD-4b04-88EB-625FBE52EBFB}</UniqueIdentifier>
      <Extensions>h;hh;hpp;hxx;h++;hm;inl;inc;ipp;xsd</Extensions>
    </Filter>
    <Filter Include="File di risorse">
      <UniqueIdentifier>{67DA6AB6-F800-4c08-8B7A-83BB121AAD01}</UniqueIdentifier>
      <Extensions>rc;ico;cur;bmp;dlg;rc2;rct;bin;rgs;gif;jpg;jpeg;jpe;resx;tiff;tif;png;wav;mfcribbon-ms</Extensions>
    </Filter>
  </ItemGroup>
  <ItemGroup>
    <None Include="packages.config" />
    <None Include="src\fromloader\src\util\stringio\simple_sjis_table.bin">
      <Filter>File di risorse</Filter>
    </None>
  </ItemGroup>
  <ItemGroup>
    <ClCompile Include="src\Application\Application.cpp">
      <Filter>File di origine</Filter>
    </ClCompile>
    <ClCompile Include="src\EventTrackEditor\EventTrackEditor.cpp">
      <Filter>File di origine</Filter>
    </ClCompile>
    <ClCompile Include="src\FlverModel\FlverModel.cpp">
      <Filter>File di origine</Filter>
    </ClCompile>
    <ClCompile Include="src\fromloader\src\formats\binder\bnd\bnd3.cpp">
      <Filter>File di origine</Filter>
    </ClCompile>
    <ClCompile Include="src\fromloader\src\formats\binder\bnd\bnd4.cpp">
      <Filter>File di origine</Filter>
    </ClCompile>
    <ClCompile Include="src\fromloader\src\formats\binder\binder.cpp">
      <Filter>File di origine</Filter>
    </ClCompile>
    <ClCompile Include="src\fromloader\src\formats\dcx\dcx.cpp">
      <Filter>File di origine</Filter>
    </ClCompile>
    <ClCompile Include="src\fromloader\src\formats\flver\flver0\flver0.cpp">
      <Filter>File di origine</Filter>
    </ClCompile>
    <ClCompile Include="src\fromloader\src\formats\flver\flver2\flver2.cpp">
      <Filter>File di origine</Filter>
    </ClCompile>
    <ClCompile Include="src\fromloader\src\formats\flver\flver2\flver2_helpers.cpp">
      <Filter>File di origine</Filter>
    </ClCompile>
    <ClCompile Include="src\fromloader\src\formats\flver\flver.cpp">
      <Filter>File di origine</Filter>
    </ClCompile>
    <ClCompile Include="src\fromloader\src\formats\mtd\mtd.cpp">
      <Filter>File di origine</Filter>
    </ClCompile>
    <ClCompile Include="src\fromloader\src\formats\paramdef\paramdef.cpp">
      <Filter>File di origine</Filter>
    </ClCompile>
    <ClCompile Include="src\fromloader\src\util\endian\endian.cpp">
      <Filter>File di origine</Filter>
    </ClCompile>
    <ClCompile Include="src\fromloader\src\util\file\file.cpp">
      <Filter>File di origine</Filter>
    </ClCompile>
    <ClCompile Include="src\fromloader\src\util\fileio\fileio.cpp">
      <Filter>File di origine</Filter>
    </ClCompile>
    <ClCompile Include="src\fromloader\src\util\inflate\inflate.cpp">
      <Filter>File di origine</Filter>
    </ClCompile>
    <ClCompile Include="src\fromloader\src\util\stringio\stringio.cpp">
      <Filter>File di origine</Filter>
    </ClCompile>
    <ClCompile Include="src\fromloader\src\util\types\types.cpp">
      <Filter>File di origine</Filter>
    </ClCompile>
    <ClCompile Include="src\fromloader\src\util\validate\validate.cpp">
      <Filter>File di origine</Filter>
    </ClCompile>
    <ClCompile Include="src\fromloader\src\open.cpp">
      <Filter>File di origine</Filter>
    </ClCompile>
    <ClCompile Include="src\fromloader\cmem.c">
      <Filter>File di origine</Filter>
    </ClCompile>
    <ClCompile Include="src\fromloader\umem.c">
      <Filter>File di origine</Filter>
    </ClCompile>
    <ClCompile Include="src\FromsoftFormat\BNDReader\BNDReader.cpp">
      <Filter>File di origine</Filter>
    </ClCompile>
    <ClCompile Include="src\FromsoftFormat\FlverReader\FlverReader.cpp">
      <Filter>File di origine</Filter>
    </ClCompile>
    <ClCompile Include="src\FromsoftFormat\Morpheme\ME\TinyXML\tinyxml2.cpp">
      <Filter>File di origine</Filter>
    </ClCompile>
    <ClCompile Include="src\FromsoftFormat\Morpheme\ME\ME.cpp">
      <Filter>File di origine</Filter>
    </ClCompile>
    <ClCompile Include="src\FromsoftFormat\Morpheme\NMBReader\MorphemeBundle\NodeAttrib\NodeAttribBase.cpp">
      <Filter>File di origine</Filter>
    </ClCompile>
    <ClCompile Include="src\FromsoftFormat\Morpheme\NMBReader\MorphemeBundle\NodeAttrib\NodeAttribBool.cpp">
      <Filter>File di origine</Filter>
    </ClCompile>
    <ClCompile Include="src\FromsoftFormat\Morpheme\NMBReader\MorphemeBundle\NodeAttrib\NodeAttribSourceAnim.cpp">
      <Filter>File di origine</Filter>
    </ClCompile>
    <ClCompile Include="src\FromsoftFormat\Morpheme\NMBReader\MorphemeBundle\NodeAttrib\NodeAttribSourceEventTrack.cpp">
      <Filter>File di origine</Filter>
    </ClCompile>
    <ClCompile Include="src\FromsoftFormat\Morpheme\NMBReader\MorphemeBundle\NodeAttrib\NodeAttribUnknown.cpp">
      <Filter>File di origine</Filter>
    </ClCompile>
    <ClCompile Include="src\FromsoftFormat\Morpheme\NMBReader\MorphemeBundle\MorphemeBundle.cpp">
      <Filter>File di origine</Filter>
    </ClCompile>
    <ClCompile Include="src\FromsoftFormat\Morpheme\NMBReader\MorphemeBundle\MorphemeBundle_EventTrack.cpp">
      <Filter>File di origine</Filter>
    </ClCompile>
    <ClCompile Include="src\FromsoftFormat\Morpheme\NMBReader\MorphemeBundle\MorphemeBundle_FileNameLookupTable.cpp">
      <Filter>File di origine</Filter>
    </ClCompile>
    <ClCompile Include="src\FromsoftFormat\Morpheme\NMBReader\MorphemeBundle\MorphemeBundle_Header.cpp">
      <Filter>File di origine</Filter>
    </ClCompile>
    <ClCompile Include="src\FromsoftFormat\Morpheme\NMBReader\MorphemeBundle\MorphemeBundle_NetworkDef.cpp">
      <Filter>File di origine</Filter>
    </ClCompile>
    <ClCompile Include="src\FromsoftFormat\Morpheme\NMBReader\MorphemeBundle\MorphemeBundle_Rig.cpp">
      <Filter>File di origine</Filter>
    </ClCompile>
    <ClCompile Include="src\FromsoftFormat\Morpheme\NMBReader\NMBReader.cpp">
      <Filter>File di origine</Filter>
    </ClCompile>
    <ClCompile Include="src\FromsoftFormat\Morpheme\NSAReader\NSAReader.cpp">
      <Filter>File di origine</Filter>
    </ClCompile>
    <ClCompile Include="src\FromsoftFormat\TimeActReader\TimeActEvent\TimeActEventData\TimeActEventData.cpp">
      <Filter>File di origine</Filter>
    </ClCompile>
    <ClCompile Include="src\FromsoftFormat\TimeActReader\TimeActEvent\TimeActEvent.cpp">
      <Filter>File di origine</Filter>
    </ClCompile>
    <ClCompile Include="src\FromsoftFormat\TimeActReader\TimeActReader.cpp">
      <Filter>File di origine</Filter>
    </ClCompile>
    <ClCompile Include="src\imgui\custom\imgui_custom_logic.cpp">
      <Filter>File di origine</Filter>
    </ClCompile>
    <ClCompile Include="src\imgui\custom\imgui_custom_widget.cpp">
      <Filter>File di origine</Filter>
    </ClCompile>
    <ClCompile Include="src\imgui\imgui.cpp">
      <Filter>File di origine</Filter>
    </ClCompile>
    <ClCompile Include="src\imgui\imgui_demo.cpp">
      <Filter>File di origine</Filter>
    </ClCompile>
    <ClCompile Include="src\imgui\imgui_draw.cpp">
      <Filter>File di origine</Filter>
    </ClCompile>
    <ClCompile Include="src\imgui\imgui_impl_dx11.cpp">
      <Filter>File di origine</Filter>
    </ClCompile>
    <ClCompile Include="src\imgui\imgui_impl_win32.cpp">
      <Filter>File di origine</Filter>
    </ClCompile>
    <ClCompile Include="src\imgui\imgui_tables.cpp">
      <Filter>File di origine</Filter>
    </ClCompile>
    <ClCompile Include="src\imgui\imgui_widgets.cpp">
      <Filter>File di origine</Filter>
    </ClCompile>
    <ClCompile Include="src\imsequencer\ImSequencer.cpp">
      <Filter>File di origine</Filter>
    </ClCompile>
    <ClCompile Include="src\inih\ini.c">
      <Filter>File di origine</Filter>
    </ClCompile>
    <ClCompile Include="src\inih\INIReader.cpp">
      <Filter>File di origine</Filter>
    </ClCompile>
    <ClCompile Include="src\ProcessReader\ProcessReader.cpp">
      <Filter>File di origine</Filter>
    </ClCompile>
    <ClCompile Include="src\RLog\RDebug\RDebug.cpp">
      <Filter>File di origine</Filter>
    </ClCompile>
    <ClCompile Include="src\RLog\TextLog\TextLog.cpp">
      <Filter>File di origine</Filter>
    </ClCompile>
    <ClCompile Include="src\RLog\RLog.cpp">
      <Filter>File di origine</Filter>
    </ClCompile>
    <ClCompile Include="src\RMath\RMath.cpp">
      <Filter>File di origine</Filter>
    </ClCompile>
    <ClCompile Include="src\RString\RString.cpp">
      <Filter>File di origine</Filter>
    </ClCompile>
    <ClCompile Include="src\Scene\Camera\Camera.cpp">
      <Filter>File di origine</Filter>
    </ClCompile>
    <ClCompile Include="src\Scene\DebugDraw.cpp">
      <Filter>File di origine</Filter>
    </ClCompile>
    <ClCompile Include="src\Scene\Scene.cpp">
      <Filter>File di origine</Filter>
    </ClCompile>
    <ClCompile Include="src\TaeTemplate\TaeTemplate.cpp">
      <Filter>File di origine</Filter>
    </ClCompile>
    <ClCompile Include="src\TimeActEditor\TimeActEditor.cpp">
      <Filter>File di origine</Filter>
    </ClCompile>
    <ClCompile Include="src\MorphemeConnect.cpp">
      <Filter>File di origine</Filter>
    </ClCompile>
  </ItemGroup>
  <ItemGroup>
    <ClInclude Include="src\Application\Application.h">
      <Filter>File di intestazione</Filter>
    </ClInclude>
    <ClInclude Include="src\EventTrackEditor\EventTrackEditor.h">
      <Filter>File di intestazione</Filter>
    </ClInclude>
    <ClInclude Include="src\FlverModel\FlverModel.h">
      <Filter>File di intestazione</Filter>
    </ClInclude>
    <ClInclude Include="src\fromloader\src\common\common.h">
      <Filter>File di intestazione</Filter>
    </ClInclude>
    <ClInclude Include="src\fromloader\src\formats\binder\bdf\bdf3.h">
      <Filter>File di intestazione</Filter>
    </ClInclude>
    <ClInclude Include="src\fromloader\src\formats\binder\bdf\bdf4.h">
      <Filter>File di intestazione</Filter>
    </ClInclude>
    <ClInclude Include="src\fromloader\src\formats\binder\bhd\bhd5_0.h">
      <Filter>File di intestazione</Filter>
    </ClInclude>
    <ClInclude Include="src\fromloader\src\formats\binder\bhd\bhd5_1.h">
      <Filter>File di intestazione</Filter>
    </ClInclude>
    <ClInclude Include="src\fromloader\src\formats\binder\bnd\bnd3.h">
      <Filter>File di intestazione</Filter>
    </ClInclude>
    <ClInclude Include="src\fromloader\src\formats\binder\bnd\bnd4.h">
      <Filter>File di intestazione</Filter>
    </ClInclude>
    <ClInclude Include="src\fromloader\src\formats\binder\binder.h">
      <Filter>File di intestazione</Filter>
    </ClInclude>
    <ClInclude Include="src\fromloader\src\formats\binder\include.h">
      <Filter>File di intestazione</Filter>
    </ClInclude>
    <ClInclude Include="src\fromloader\src\formats\dcx\dcx.h">
      <Filter>File di intestazione</Filter>
    </ClInclude>
    <ClInclude Include="src\fromloader\src\formats\flver\flver0\flver0.h">
      <Filter>File di intestazione</Filter>
    </ClInclude>
    <ClInclude Include="src\fromloader\src\formats\flver\flver2\flver2.h">
      <Filter>File di intestazione</Filter>
    </ClInclude>
    <ClInclude Include="src\fromloader\src\formats\flver\flver.h">
      <Filter>File di intestazione</Filter>
    </ClInclude>
    <ClInclude Include="src\fromloader\src\formats\flver\include.h">
      <Filter>File di intestazione</Filter>
    </ClInclude>
    <ClInclude Include="src\fromloader\src\formats\mtd\mtd.h">
      <Filter>File di intestazione</Filter>
    </ClInclude>
    <ClInclude Include="src\fromloader\src\formats\paramdef\paramdef.h">
      <Filter>File di intestazione</Filter>
    </ClInclude>
    <ClInclude Include="src\fromloader\src\formats\include.h">
      <Filter>File di intestazione</Filter>
    </ClInclude>
    <ClInclude Include="src\fromloader\src\formats\stdafx.h">
      <Filter>File di intestazione</Filter>
    </ClInclude>
    <ClInclude Include="src\fromloader\src\util\endian\endian.h">
      <Filter>File di intestazione</Filter>
    </ClInclude>
    <ClInclude Include="src\fromloader\src\util\file\file.h">
      <Filter>File di intestazione</Filter>
    </ClInclude>
    <ClInclude Include="src\fromloader\src\util\fileio\fileio.h">
      <Filter>File di intestazione</Filter>
    </ClInclude>
    <ClInclude Include="src\fromloader\src\util\inflate\inflate.h">
      <Filter>File di intestazione</Filter>
    </ClInclude>
    <ClInclude Include="src\fromloader\src\util\math\math.h">
      <Filter>File di intestazione</Filter>
    </ClInclude>
    <ClInclude Include="src\fromloader\src\util\stringio\stringio.h">
      <Filter>File di intestazione</Filter>
    </ClInclude>
    <ClInclude Include="src\fromloader\src\util\types\types.h">
      <Filter>File di intestazione</Filter>
    </ClInclude>
    <ClInclude Include="src\fromloader\src\util\validate\validate.h">
      <Filter>File di intestazione</Filter>
    </ClInclude>
    <ClInclude Include="src\fromloader\src\util\include.h">
      <Filter>File di intestazione</Filter>
    </ClInclude>
    <ClInclude Include="src\fromloader\src\open.h">
      <Filter>File di intestazione</Filter>
    </ClInclude>
    <ClInclude Include="src\fromloader\cmem.h">
      <Filter>File di intestazione</Filter>
    </ClInclude>
    <ClInclude Include="src\fromloader\fromloader.h">
      <Filter>File di intestazione</Filter>
    </ClInclude>
    <ClInclude Include="src\fromloader\umem.h">
      <Filter>File di intestazione</Filter>
    </ClInclude>
    <ClInclude Include="src\FromsoftFormat\BNDReader\BNDReader.h">
      <Filter>File di intestazione</Filter>
    </ClInclude>
    <ClInclude Include="src\FromsoftFormat\FlverReader\FlverReader.h">
      <Filter>File di intestazione</Filter>
    </ClInclude>
    <ClInclude Include="src\FromsoftFormat\Morpheme\ME\TinyXML\tinyxml2.h">
      <Filter>File di intestazione</Filter>
    </ClInclude>
    <ClInclude Include="src\FromsoftFormat\Morpheme\ME\ME.h">
      <Filter>File di intestazione</Filter>
    </ClInclude>
    <ClInclude Include="src\FromsoftFormat\Morpheme\NMBReader\MorphemeBundle\NodeAttrib\NodeAttribBase.h">
      <Filter>File di intestazione</Filter>
    </ClInclude>
    <ClInclude Include="src\FromsoftFormat\Morpheme\NMBReader\MorphemeBundle\NodeAttrib\NodeAttribBool.h">
      <Filter>File di intestazione</Filter>
    </ClInclude>
    <ClInclude Include="src\FromsoftFormat\Morpheme\NMBReader\MorphemeBundle\NodeAttrib\NodeAttribSourceAnim.h">
      <Filter>File di intestazione</Filter>
    </ClInclude>
    <ClInclude Include="src\FromsoftFormat\Morpheme\NMBReader\MorphemeBundle\NodeAttrib\NodeAttribSourceEventTrack.h">
      <Filter>File di intestazione</Filter>
    </ClInclude>
    <ClInclude Include="src\FromsoftFormat\Morpheme\NMBReader\MorphemeBundle\NodeAttrib\NodeAttribUnknown.h">
      <Filter>File di intestazione</Filter>
    </ClInclude>
    <ClInclude Include="src\FromsoftFormat\Morpheme\NMBReader\MorphemeBundle\MorphemeBundle.h">
      <Filter>File di intestazione</Filter>
    </ClInclude>
    <ClInclude Include="src\FromsoftFormat\Morpheme\NMBReader\MorphemeBundle\MorphemeBundle_Base.h">
      <Filter>File di intestazione</Filter>
    </ClInclude>
    <ClInclude Include="src\FromsoftFormat\Morpheme\NMBReader\MorphemeBundle\MorphemeBundle_EventTrack.h">
      <Filter>File di intestazione</Filter>
    </ClInclude>
    <ClInclude Include="src\FromsoftFormat\Morpheme\NMBReader\MorphemeBundle\MorphemeBundle_FileNameLookupTable.h">
      <Filter>File di intestazione</Filter>
    </ClInclude>
    <ClInclude Include="src\FromsoftFormat\Morpheme\NMBReader\MorphemeBundle\MorphemeBundle_Header.h">
      <Filter>File di intestazione</Filter>
    </ClInclude>
    <ClInclude Include="src\FromsoftFormat\Morpheme\NMBReader\MorphemeBundle\MorphemeBundle_NetworkDef.h">
      <Filter>File di intestazione</Filter>
    </ClInclude>
    <ClInclude Include="src\FromsoftFormat\Morpheme\NMBReader\MorphemeBundle\MorphemeBundle_Rig.h">
      <Filter>File di intestazione</Filter>
    </ClInclude>
    <ClInclude Include="src\FromsoftFormat\Morpheme\NMBReader\NMBReader.h">
      <Filter>File di intestazione</Filter>
    </ClInclude>
    <ClInclude Include="src\FromsoftFormat\Morpheme\NSAReader\NSAReader.h">
      <Filter>File di intestazione</Filter>
    </ClInclude>
    <ClInclude Include="src\FromsoftFormat\TimeActReader\TimeActEvent\TimeActEventData\TimeActEventData.h">
      <Filter>File di intestazione</Filter>
    </ClInclude>
    <ClInclude Include="src\FromsoftFormat\TimeActReader\TimeActEvent\TimeActEvent.h">
      <Filter>File di intestazione</Filter>
    </ClInclude>
    <ClInclude Include="src\FromsoftFormat\TimeActReader\TimeActReader.h">
      <Filter>File di intestazione</Filter>
    </ClInclude>
    <ClInclude Include="src\FromsoftFormat\Utils\MemReader\MemReader.h">
      <Filter>File di intestazione</Filter>
    </ClInclude>
    <ClInclude Include="src\imgui\custom\imgui_custom_logic.h">
      <Filter>File di intestazione</Filter>
    </ClInclude>
    <ClInclude Include="src\imgui\custom\imgui_custom_widget.h">
      <Filter>File di intestazione</Filter>
    </ClInclude>
    <ClInclude Include="src\imgui\imconfig.h">
      <Filter>File di intestazione</Filter>
    </ClInclude>
    <ClInclude Include="src\imgui\imgui.h">
      <Filter>File di intestazione</Filter>
    </ClInclude>
    <ClInclude Include="src\imgui\imgui_impl_dx11.h">
      <Filter>File di intestazione</Filter>
    </ClInclude>
    <ClInclude Include="src\imgui\imgui_impl_win32.h">
      <Filter>File di intestazione</Filter>
    </ClInclude>
    <ClInclude Include="src\imgui\imgui_internal.h">
      <Filter>File di intestazione</Filter>
    </ClInclude>
    <ClInclude Include="src\imgui\imstb_rectpack.h">
      <Filter>File di intestazione</Filter>
    </ClInclude>
    <ClInclude Include="src\imgui\imstb_textedit.h">
      <Filter>File di intestazione</Filter>
    </ClInclude>
    <ClInclude Include="src\imgui\imstb_truetype.h">
      <Filter>File di intestazione</Filter>
    </ClInclude>
    <ClInclude Include="src\imsequencer\ImSequencer.h">
      <Filter>File di intestazione</Filter>
    </ClInclude>
    <ClInclude Include="src\inih\ini.h">
      <Filter>File di intestazione</Filter>
    </ClInclude>
    <ClInclude Include="src\inih\INIReader.h">
      <Filter>File di intestazione</Filter>
    </ClInclude>
    <ClInclude Include="src\ProcessReader\ProcessReader.h">
      <Filter>File di intestazione</Filter>
    </ClInclude>
    <ClInclude Include="src\RLog\RDebug\RDebug.h">
      <Filter>File di intestazione</Filter>
    </ClInclude>
    <ClInclude Include="src\RLog\TextLog\TextLog.h">
      <Filter>File di intestazione</Filter>
    </ClInclude>
    <ClInclude Include="src\RLog\RLog.h">
      <Filter>File di intestazione</Filter>
    </ClInclude>
    <ClInclude Include="src\RMath\RMath.h">
      <Filter>File di intestazione</Filter>
    </ClInclude>
    <ClInclude Include="src\RString\RString.h">
      <Filter>File di intestazione</Filter>
    </ClInclude>
    <ClInclude Include="src\Scene\Camera\Camera.h">
      <Filter>File di intestazione</Filter>
    </ClInclude>
    <ClInclude Include="src\Scene\DebugDraw.h">
      <Filter>File di intestazione</Filter>
    </ClInclude>
    <ClInclude Include="src\Scene\Scene.h">
      <Filter>File di intestazione</Filter>
    </ClInclude>
    <ClInclude Include="src\Scene\StepTimer.h">
      <Filter>File di intestazione</Filter>
    </ClInclude>
    <ClInclude Include="src\TaeTemplate\TaeTemplate.h">
      <Filter>File di intestazione</Filter>
    </ClInclude>
    <ClInclude Include="src\TimeActEditor\TimeActEditor.h">
      <Filter>File di intestazione</Filter>
    </ClInclude>
    <ClInclude Include="src\extern.h">
      <Filter>File di intestazione</Filter>
    </ClInclude>
    <ClInclude Include="src\framework.h">
      <Filter>File di intestazione</Filter>
    </ClInclude>
    <ClInclude Include="src\MorphemeConnect.h">
      <Filter>File di intestazione</Filter>
    </ClInclude>
    <ClInclude Include="src\Resource.h">
      <Filter>File di intestazione</Filter>
    </ClInclude>
    <ClInclude Include="src\targetver.h">
      <Filter>File di intestazione</Filter>
    </ClInclude>
  </ItemGroup>
  <ItemGroup>
    <ResourceCompile Include="resources\MorphemeConnect.rc">
      <Filter>File di risorse</Filter>
    </ResourceCompile>
  </ItemGroup>
</Project>