<?xml version="1.0" encoding="utf-8"?>
<Project ToolsVersion="4.0" xmlns="http://schemas.microsoft.com/developer/msbuild/2003">
  <ItemGroup>
    <Filter Include="File di origine">
      <UniqueIdentifier>{4FC737F1-C7A5-4376-A066-2A32D752A2FF}</UniqueIdentifier>
      <Extensions>cpp;c;cc;cxx;c++;cppm;ixx;def;odl;idl;hpj;bat;asm;asmx</Extensions>
    </Filter>
    <Filter Include="File di intestazione">
      <UniqueIdentifier>{93995380-89BD-4b04-88EB-625FBE52EBFB}</UniqueIdentifier>
      <Extensions>h;hh;hpp;hxx;h++;hm;inl;inc;ipp;xsd</Extensions>
    </Filter>
    <Filter Include="File di risorse">
      <UniqueIdentifier>{67DA6AB6-F800-4c08-8B7A-83BB121AAD01}</UniqueIdentifier>
      <Extensions>rc;ico;cur;bmp;dlg;rc2;rct;bin;rgs;gif;jpg;jpeg;jpe;resx;tiff;tif;png;wav;mfcribbon-ms</Extensions>
    </Filter>
    <Filter Include="File di intestazione\imgui">
      <UniqueIdentifier>{50207dc8-9062-44eb-845c-5ae8e547da68}</UniqueIdentifier>
    </Filter>
    <Filter Include="File di origine\imgui">
      <UniqueIdentifier>{a62b45f2-c171-4f60-9b0c-57126fdba950}</UniqueIdentifier>
    </Filter>
    <Filter Include="File di intestazione\imnodes">
      <UniqueIdentifier>{9aac30d4-dff1-4926-982a-ee6851566dfb}</UniqueIdentifier>
    </Filter>
    <Filter Include="File di origine\imnodes">
      <UniqueIdentifier>{5e8ba20b-a718-4dc8-96be-8475652943f9}</UniqueIdentifier>
    </Filter>
    <Filter Include="File di intestazione\imsequencer">
      <UniqueIdentifier>{143596c9-aa42-4fe1-96e7-68dc9438e938}</UniqueIdentifier>
    </Filter>
    <Filter Include="File di origine\imsequencer">
      <UniqueIdentifier>{7bb828a9-4437-4075-9fab-61411b123365}</UniqueIdentifier>
    </Filter>
    <Filter Include="File di intestazione\MathHelper">
      <UniqueIdentifier>{18884175-aea7-40e0-a642-8352251ab941}</UniqueIdentifier>
    </Filter>
    <Filter Include="File di origine\MathHelper">
      <UniqueIdentifier>{7a18bde1-53c3-4692-90b8-233dc778fe3e}</UniqueIdentifier>
    </Filter>
    <Filter Include="File di intestazione\Debug">
      <UniqueIdentifier>{ac078bb4-07fa-448e-965b-0ce4a0d46148}</UniqueIdentifier>
    </Filter>
    <Filter Include="File di origine\Debug">
      <UniqueIdentifier>{e3f75dcc-0912-434c-9c91-4e365006d907}</UniqueIdentifier>
    </Filter>
    <Filter Include="File di intestazione\Application">
      <UniqueIdentifier>{3bba3573-d615-4e3e-8f08-576ed3ab41b2}</UniqueIdentifier>
    </Filter>
    <Filter Include="File di origine\Application">
      <UniqueIdentifier>{eff5ee9a-c225-4365-a997-19d31edadea1}</UniqueIdentifier>
    </Filter>
    <Filter Include="File di intestazione\EventTrackEditor">
      <UniqueIdentifier>{9475d9c6-e5e4-41c3-9c5a-155a5b1802a2}</UniqueIdentifier>
    </Filter>
    <Filter Include="File di origine\EventTrackEditor">
      <UniqueIdentifier>{4d357545-7b52-4654-9a1e-2e5da3e498f0}</UniqueIdentifier>
    </Filter>
    <Filter Include="File di intestazione\TimeActEditor">
      <UniqueIdentifier>{3b285086-53ea-4e31-82fd-4df753941346}</UniqueIdentifier>
    </Filter>
    <Filter Include="File di origine\TimeActEditor">
      <UniqueIdentifier>{8daa5715-faa2-490f-b81b-5bacf113d8af}</UniqueIdentifier>
    </Filter>
    <Filter Include="File di intestazione\inih">
      <UniqueIdentifier>{da674370-d7b6-4062-9484-19dab54cf5b4}</UniqueIdentifier>
    </Filter>
    <Filter Include="File di origine\inih">
      <UniqueIdentifier>{406c2570-61f9-4b83-b07d-9c190f7038c1}</UniqueIdentifier>
    </Filter>
    <Filter Include="File di intestazione\StringHelper">
      <UniqueIdentifier>{7b90644c-11ff-416d-be79-72acd5d32f08}</UniqueIdentifier>
    </Filter>
    <Filter Include="File di origine\StringHelper">
      <UniqueIdentifier>{949787a2-5778-427f-80cd-64c861caf40a}</UniqueIdentifier>
    </Filter>
    <Filter Include="File di origine\Scene">
      <UniqueIdentifier>{12bdd37e-a4c3-4cb4-a2c3-a9dc14b36623}</UniqueIdentifier>
    </Filter>
    <Filter Include="File di origine\Scene\Camera">
      <UniqueIdentifier>{d7a4a0ee-233a-41e6-b460-70e8bff20ab3}</UniqueIdentifier>
    </Filter>
    <Filter Include="File di intestazione\Scene">
      <UniqueIdentifier>{56ee5d77-b6d4-425e-aad7-c166044902a8}</UniqueIdentifier>
    </Filter>
    <Filter Include="File di intestazione\Scene\Camera">
      <UniqueIdentifier>{4a9a33e4-4f12-4d76-b923-2a85e524cbad}</UniqueIdentifier>
    </Filter>
    <Filter Include="File di intestazione\FromsoftReader">
      <UniqueIdentifier>{75f7f5fb-3e57-44c8-9ec7-af16f02e1b26}</UniqueIdentifier>
    </Filter>
    <Filter Include="File di origine\FromsoftReader">
      <UniqueIdentifier>{107f3891-3e35-4ec0-b932-665c703c75e4}</UniqueIdentifier>
    </Filter>
    <Filter Include="File di intestazione\FromsoftReader\MemReader">
      <UniqueIdentifier>{8e241234-f55c-4bfd-828f-d70f85031697}</UniqueIdentifier>
    </Filter>
    <Filter Include="File di origine\FromsoftReader\MemReader">
      <UniqueIdentifier>{2fabe43a-2e26-4e4d-99ff-c550e61c91ca}</UniqueIdentifier>
    </Filter>
    <Filter Include="File di origine\FromsoftReader\NMBReader">
      <UniqueIdentifier>{b0d517cf-166c-4c80-8e2f-119bce451c51}</UniqueIdentifier>
    </Filter>
    <Filter Include="File di intestazione\FromsoftReader\NMBReader">
      <UniqueIdentifier>{03e18612-7541-4a4d-9619-46f8d61b3598}</UniqueIdentifier>
    </Filter>
    <Filter Include="File di intestazione\FromsoftReader\NMBReader\MorphemeBundle">
      <UniqueIdentifier>{8b932c9a-7868-46c0-8d5e-97d1538a6e06}</UniqueIdentifier>
    </Filter>
    <Filter Include="File di origine\FromsoftReader\NMBReader\MorphmeBundle">
      <UniqueIdentifier>{9e33efa0-ad35-43bf-a83d-5a05d22036ff}</UniqueIdentifier>
    </Filter>
    <Filter Include="File di intestazione\FromsoftReader\TimeActReader">
      <UniqueIdentifier>{05f37cfa-4e2b-47dd-a0c0-9760d4227fb2}</UniqueIdentifier>
    </Filter>
    <Filter Include="File di intestazione\FromsoftReader\TimeActReader\TimeActEvent">
      <UniqueIdentifier>{620c0830-a448-436f-88d1-abeac5994e05}</UniqueIdentifier>
    </Filter>
    <Filter Include="File di origine\FromsoftReader\TimeActReader">
      <UniqueIdentifier>{c1e5ac86-1039-41c0-89c0-6b11ae7d1865}</UniqueIdentifier>
    </Filter>
    <Filter Include="File di origine\FromsoftReader\TimeActReader\TimeActEvent">
      <UniqueIdentifier>{4811d7db-cefa-4610-a6a0-a22bbba43c2d}</UniqueIdentifier>
    </Filter>
    <Filter Include="File di origine\FromsoftReader\FlverReader">
      <UniqueIdentifier>{65fb1575-1bd7-4dfa-88b4-e21542632223}</UniqueIdentifier>
    </Filter>
    <Filter Include="File di intestazione\FromsoftReader\FlverReader">
      <UniqueIdentifier>{d9b67510-066a-4878-a148-5f64199dc8eb}</UniqueIdentifier>
    </Filter>
    <Filter Include="File di intestazione\FromsoftReader\BNDReader">
      <UniqueIdentifier>{355a53d6-57bf-49c1-88a0-88f7854c2d95}</UniqueIdentifier>
    </Filter>
    <Filter Include="File di origine\FromsoftReader\BNDReader">
      <UniqueIdentifier>{29745510-793c-4bc2-bc29-ef8acda7b3e4}</UniqueIdentifier>
    </Filter>
    <Filter Include="File di intestazione\fromloader">
      <UniqueIdentifier>{cc8e895c-9433-4c28-a60a-e8858c5095de}</UniqueIdentifier>
    </Filter>
    <Filter Include="File di intestazione\nlohmann">
      <UniqueIdentifier>{fd49140c-2817-4fd3-924f-be3681654025}</UniqueIdentifier>
    </Filter>
    <Filter Include="File di intestazione\TaeTemplate">
      <UniqueIdentifier>{1415afea-ca77-42c0-be21-4d53163a6f00}</UniqueIdentifier>
    </Filter>
    <Filter Include="File di origine\TaeTemplate">
      <UniqueIdentifier>{c7be2271-798b-4add-8ab2-e27bdba665c9}</UniqueIdentifier>
    </Filter>
  </ItemGroup>
  <ItemGroup>
    <ClInclude Include="framework.h">
      <Filter>File di intestazione</Filter>
    </ClInclude>
    <ClInclude Include="targetver.h">
      <Filter>File di intestazione</Filter>
    </ClInclude>
    <ClInclude Include="Resource.h">
      <Filter>File di intestazione</Filter>
    </ClInclude>
    <ClInclude Include="MorphemeConnect.h">
      <Filter>File di intestazione</Filter>
    </ClInclude>
    <ClInclude Include="imsequencer\ImSequencer.h">
      <Filter>File di intestazione\imsequencer</Filter>
    </ClInclude>
    <ClInclude Include="DebugOutput\Debug.h">
      <Filter>File di intestazione\Debug</Filter>
    </ClInclude>
    <ClInclude Include="extern.h">
      <Filter>File di intestazione</Filter>
    </ClInclude>
    <ClInclude Include="Application\Application.h">
      <Filter>File di intestazione\Application</Filter>
    </ClInclude>
    <ClInclude Include="TimeActEditor\TimeActEditor.h">
      <Filter>File di intestazione\TimeActEditor</Filter>
    </ClInclude>
    <ClInclude Include="inih\INIReader.h">
      <Filter>File di intestazione\inih</Filter>
    </ClInclude>
    <ClInclude Include="inih\ini.h">
      <Filter>File di intestazione\inih</Filter>
    </ClInclude>
    <ClInclude Include="StringHelper\StringHelper.h">
      <Filter>File di intestazione\StringHelper</Filter>
    </ClInclude>
    <ClInclude Include="Renderer\StepTimer.h">
      <Filter>File di intestazione\Scene</Filter>
    </ClInclude>
    <ClInclude Include="Scene\Scene.h">
      <Filter>File di intestazione\Scene</Filter>
    </ClInclude>
    <ClInclude Include="Scene\DebugDraw.h">
      <Filter>File di intestazione\Scene</Filter>
    </ClInclude>
    <ClInclude Include="Scene\Camera\Camera.h">
      <Filter>File di intestazione\Scene\Camera</Filter>
    </ClInclude>
    <ClInclude Include="FromsoftFormat\TimeActReader\TimeActReader.h">
      <Filter>File di intestazione\FromsoftReader\TimeActReader</Filter>
    </ClInclude>
    <ClInclude Include="FromsoftFormat\TimeActReader\TimeActEvent\TimeActEvent.h">
      <Filter>File di intestazione\FromsoftReader\TimeActReader\TimeActEvent</Filter>
    </ClInclude>
    <ClInclude Include="FromsoftFormat\FlverReader\FlverReader.h">
      <Filter>File di intestazione\FromsoftReader\FlverReader</Filter>
    </ClInclude>
    <ClInclude Include="FromsoftFormat\BNDReader\BNDReader.h">
      <Filter>File di intestazione\FromsoftReader\BNDReader</Filter>
    </ClInclude>
    <ClInclude Include="fromloader\src\common\common.h">
      <Filter>File di intestazione\fromloader</Filter>
    </ClInclude>
    <ClInclude Include="fromloader\src\formats\binder\bdf\bdf3.h">
      <Filter>File di intestazione\fromloader</Filter>
    </ClInclude>
    <ClInclude Include="fromloader\src\formats\binder\bdf\bdf4.h">
      <Filter>File di intestazione\fromloader</Filter>
    </ClInclude>
    <ClInclude Include="fromloader\src\formats\binder\bhd\bhd5_0.h">
      <Filter>File di intestazione\fromloader</Filter>
    </ClInclude>
    <ClInclude Include="fromloader\src\formats\binder\bhd\bhd5_1.h">
      <Filter>File di intestazione\fromloader</Filter>
    </ClInclude>
    <ClInclude Include="fromloader\src\formats\binder\binder.h">
      <Filter>File di intestazione\fromloader</Filter>
    </ClInclude>
    <ClInclude Include="fromloader\src\formats\binder\bnd\bnd3.h">
      <Filter>File di intestazione\fromloader</Filter>
    </ClInclude>
    <ClInclude Include="fromloader\src\formats\binder\bnd\bnd4.h">
      <Filter>File di intestazione\fromloader</Filter>
    </ClInclude>
    <ClInclude Include="fromloader\src\formats\binder\include.h">
      <Filter>File di intestazione\fromloader</Filter>
    </ClInclude>
    <ClInclude Include="fromloader\src\formats\dcx\dcx.h">
      <Filter>File di intestazione\fromloader</Filter>
    </ClInclude>
    <ClInclude Include="fromloader\src\formats\flver\flver.h">
      <Filter>File di intestazione\fromloader</Filter>
    </ClInclude>
    <ClInclude Include="fromloader\src\formats\flver\flver0\flver0.h">
      <Filter>File di intestazione\fromloader</Filter>
    </ClInclude>
    <ClInclude Include="fromloader\src\formats\flver\flver2\flver2.h">
      <Filter>File di intestazione\fromloader</Filter>
    </ClInclude>
    <ClInclude Include="fromloader\src\formats\flver\include.h">
      <Filter>File di intestazione\fromloader</Filter>
    </ClInclude>
    <ClInclude Include="fromloader\src\formats\include.h">
      <Filter>File di intestazione\fromloader</Filter>
    </ClInclude>
    <ClInclude Include="fromloader\src\formats\mtd\mtd.h">
      <Filter>File di intestazione\fromloader</Filter>
    </ClInclude>
    <ClInclude Include="fromloader\src\formats\paramdef\paramdef.h">
      <Filter>File di intestazione\fromloader</Filter>
    </ClInclude>
    <ClInclude Include="fromloader\src\formats\stdafx.h">
      <Filter>File di intestazione\fromloader</Filter>
    </ClInclude>
    <ClInclude Include="fromloader\src\open.h">
      <Filter>File di intestazione\fromloader</Filter>
    </ClInclude>
    <ClInclude Include="fromloader\src\util\endian\endian.h">
      <Filter>File di intestazione\fromloader</Filter>
    </ClInclude>
    <ClInclude Include="fromloader\src\util\file\file.h">
      <Filter>File di intestazione\fromloader</Filter>
    </ClInclude>
    <ClInclude Include="fromloader\src\util\fileio\fileio.h">
      <Filter>File di intestazione\fromloader</Filter>
    </ClInclude>
    <ClInclude Include="fromloader\src\util\include.h">
      <Filter>File di intestazione\fromloader</Filter>
    </ClInclude>
    <ClInclude Include="fromloader\src\util\inflate\inflate.h">
      <Filter>File di intestazione\fromloader</Filter>
    </ClInclude>
    <ClInclude Include="fromloader\src\util\math\math.h">
      <Filter>File di intestazione\fromloader</Filter>
    </ClInclude>
    <ClInclude Include="fromloader\src\util\stringio\stringio.h">
      <Filter>File di intestazione\fromloader</Filter>
    </ClInclude>
    <ClInclude Include="fromloader\src\util\types\types.h">
      <Filter>File di intestazione\fromloader</Filter>
    </ClInclude>
    <ClInclude Include="fromloader\src\util\validate\validate.h">
      <Filter>File di intestazione\fromloader</Filter>
    </ClInclude>
    <ClInclude Include="fromloader\fromloader.h">
      <Filter>File di intestazione\fromloader</Filter>
    </ClInclude>
    <ClInclude Include="fromloader\cmem.h">
      <Filter>File di intestazione\fromloader</Filter>
    </ClInclude>
    <ClInclude Include="fromloader\umem.h">
      <Filter>File di intestazione\fromloader</Filter>
    </ClInclude>
    <ClInclude Include="FromsoftFormat\TimeActReader\TimeActEvent\TimeActEventData\TimeActEventData.h">
      <Filter>File di intestazione</Filter>
    </ClInclude>
    <ClInclude Include="nlohmann\detail\abi_macros.hpp">
      <Filter>File di intestazione\nlohmann</Filter>
    </ClInclude>
    <ClInclude Include="nlohmann\detail\conversions\from_json.hpp">
      <Filter>File di intestazione\nlohmann</Filter>
    </ClInclude>
    <ClInclude Include="nlohmann\detail\conversions\to_chars.hpp">
      <Filter>File di intestazione\nlohmann</Filter>
    </ClInclude>
    <ClInclude Include="nlohmann\detail\conversions\to_json.hpp">
      <Filter>File di intestazione\nlohmann</Filter>
    </ClInclude>
    <ClInclude Include="nlohmann\detail\exceptions.hpp">
      <Filter>File di intestazione\nlohmann</Filter>
    </ClInclude>
    <ClInclude Include="nlohmann\detail\hash.hpp">
      <Filter>File di intestazione\nlohmann</Filter>
    </ClInclude>
    <ClInclude Include="nlohmann\detail\input\binary_reader.hpp">
      <Filter>File di intestazione\nlohmann</Filter>
    </ClInclude>
    <ClInclude Include="nlohmann\detail\input\input_adapters.hpp">
      <Filter>File di intestazione\nlohmann</Filter>
    </ClInclude>
    <ClInclude Include="nlohmann\detail\input\json_sax.hpp">
      <Filter>File di intestazione\nlohmann</Filter>
    </ClInclude>
    <ClInclude Include="nlohmann\detail\input\lexer.hpp">
      <Filter>File di intestazione\nlohmann</Filter>
    </ClInclude>
    <ClInclude Include="nlohmann\detail\input\parser.hpp">
      <Filter>File di intestazione\nlohmann</Filter>
    </ClInclude>
    <ClInclude Include="nlohmann\detail\input\position_t.hpp">
      <Filter>File di intestazione\nlohmann</Filter>
    </ClInclude>
    <ClInclude Include="nlohmann\detail\iterators\internal_iterator.hpp">
      <Filter>File di intestazione\nlohmann</Filter>
    </ClInclude>
    <ClInclude Include="nlohmann\detail\iterators\iteration_proxy.hpp">
      <Filter>File di intestazione\nlohmann</Filter>
    </ClInclude>
    <ClInclude Include="nlohmann\detail\iterators\iterator_traits.hpp">
      <Filter>File di intestazione\nlohmann</Filter>
    </ClInclude>
    <ClInclude Include="nlohmann\detail\iterators\iter_impl.hpp">
      <Filter>File di intestazione\nlohmann</Filter>
    </ClInclude>
    <ClInclude Include="nlohmann\detail\iterators\json_reverse_iterator.hpp">
      <Filter>File di intestazione\nlohmann</Filter>
    </ClInclude>
    <ClInclude Include="nlohmann\detail\iterators\primitive_iterator.hpp">
      <Filter>File di intestazione\nlohmann</Filter>
    </ClInclude>
    <ClInclude Include="nlohmann\detail\json_pointer.hpp">
      <Filter>File di intestazione\nlohmann</Filter>
    </ClInclude>
    <ClInclude Include="nlohmann\detail\json_ref.hpp">
      <Filter>File di intestazione\nlohmann</Filter>
    </ClInclude>
    <ClInclude Include="nlohmann\detail\macro_scope.hpp">
      <Filter>File di intestazione\nlohmann</Filter>
    </ClInclude>
    <ClInclude Include="nlohmann\detail\macro_unscope.hpp">
      <Filter>File di intestazione\nlohmann</Filter>
    </ClInclude>
    <ClInclude Include="nlohmann\detail\meta\call_std\begin.hpp">
      <Filter>File di intestazione\nlohmann</Filter>
    </ClInclude>
    <ClInclude Include="nlohmann\detail\meta\call_std\end.hpp">
      <Filter>File di intestazione\nlohmann</Filter>
    </ClInclude>
    <ClInclude Include="nlohmann\detail\meta\cpp_future.hpp">
      <Filter>File di intestazione\nlohmann</Filter>
    </ClInclude>
    <ClInclude Include="nlohmann\detail\meta\detected.hpp">
      <Filter>File di intestazione\nlohmann</Filter>
    </ClInclude>
    <ClInclude Include="nlohmann\detail\meta\identity_tag.hpp">
      <Filter>File di intestazione\nlohmann</Filter>
    </ClInclude>
    <ClInclude Include="nlohmann\detail\meta\is_sax.hpp">
      <Filter>File di intestazione\nlohmann</Filter>
    </ClInclude>
    <ClInclude Include="nlohmann\detail\meta\std_fs.hpp">
      <Filter>File di intestazione\nlohmann</Filter>
    </ClInclude>
    <ClInclude Include="nlohmann\detail\meta\type_traits.hpp">
      <Filter>File di intestazione\nlohmann</Filter>
    </ClInclude>
    <ClInclude Include="nlohmann\detail\meta\void_t.hpp">
      <Filter>File di intestazione\nlohmann</Filter>
    </ClInclude>
    <ClInclude Include="nlohmann\detail\output\binary_writer.hpp">
      <Filter>File di intestazione\nlohmann</Filter>
    </ClInclude>
    <ClInclude Include="nlohmann\detail\output\output_adapters.hpp">
      <Filter>File di intestazione\nlohmann</Filter>
    </ClInclude>
    <ClInclude Include="nlohmann\detail\output\serializer.hpp">
      <Filter>File di intestazione\nlohmann</Filter>
    </ClInclude>
    <ClInclude Include="nlohmann\detail\string_concat.hpp">
      <Filter>File di intestazione\nlohmann</Filter>
    </ClInclude>
    <ClInclude Include="nlohmann\detail\string_escape.hpp">
      <Filter>File di intestazione\nlohmann</Filter>
    </ClInclude>
    <ClInclude Include="nlohmann\detail\value_t.hpp">
      <Filter>File di intestazione\nlohmann</Filter>
    </ClInclude>
    <ClInclude Include="nlohmann\thirdparty\hedley\hedley.hpp">
      <Filter>File di intestazione\nlohmann</Filter>
    </ClInclude>
    <ClInclude Include="nlohmann\thirdparty\hedley\hedley_undef.hpp">
      <Filter>File di intestazione\nlohmann</Filter>
    </ClInclude>
    <ClInclude Include="nlohmann\adl_serializer.hpp">
      <Filter>File di intestazione\nlohmann</Filter>
    </ClInclude>
    <ClInclude Include="nlohmann\byte_container_with_subtype.hpp">
      <Filter>File di intestazione\nlohmann</Filter>
    </ClInclude>
    <ClInclude Include="nlohmann\json.hpp">
      <Filter>File di intestazione\nlohmann</Filter>
    </ClInclude>
    <ClInclude Include="nlohmann\json_fwd.hpp">
      <Filter>File di intestazione\nlohmann</Filter>
    </ClInclude>
    <ClInclude Include="nlohmann\ordered_map.hpp">
      <Filter>File di intestazione\nlohmann</Filter>
    </ClInclude>
    <ClInclude Include="TaeTemplate\TaeTemplate.h">
      <Filter>File di intestazione\TaeTemplate</Filter>
    </ClInclude>
    <ClInclude Include="FromsoftFormat\NMBReader\MorphemeBundle\NodeAttrib\NodeDataAttribUnknown.h">
      <Filter>File di intestazione</Filter>
    </ClInclude>
    <ClInclude Include="FromsoftFormat\NMBReader\MorphemeBundle\MorphemeBundle_SkeletonMap.h">
      <Filter>File di intestazione</Filter>
    </ClInclude>
    <ClInclude Include="ProcessReader\ProcessReader.h">
      <Filter>File di intestazione</Filter>
    </ClInclude>
    <ClInclude Include="imgui\imgui_custom_widget.h">
      <Filter>File di intestazione</Filter>
    </ClInclude>
    <ClInclude Include="imgui\imgui_custom_logic.h">
      <Filter>File di intestazione</Filter>
    </ClInclude>
    <ClInclude Include="imgui\imconfig.h">
      <Filter>File di intestazione</Filter>
    </ClInclude>
    <ClInclude Include="imgui\imgui.h">
      <Filter>File di intestazione</Filter>
    </ClInclude>
    <ClInclude Include="imgui\imgui_impl_dx11.h">
      <Filter>File di intestazione</Filter>
    </ClInclude>
    <ClInclude Include="imgui\imgui_impl_win32.h">
      <Filter>File di intestazione</Filter>
    </ClInclude>
    <ClInclude Include="imgui\imgui_internal.h">
      <Filter>File di intestazione</Filter>
    </ClInclude>
    <ClInclude Include="imgui\imstb_rectpack.h">
      <Filter>File di intestazione</Filter>
    </ClInclude>
    <ClInclude Include="imgui\imstb_textedit.h">
      <Filter>File di intestazione</Filter>
    </ClInclude>
    <ClInclude Include="imgui\imstb_truetype.h">
      <Filter>File di intestazione</Filter>
    </ClInclude>
    <ClInclude Include="imgui\custom\imgui_custom_logic.h">
      <Filter>File di intestazione</Filter>
    </ClInclude>
    <ClInclude Include="imgui\custom\imgui_custom_widget.h">
      <Filter>File di intestazione</Filter>
    </ClInclude>
    <ClInclude Include="Scene\StepTimer.h">
      <Filter>File di intestazione</Filter>
    </ClInclude>
    <ClInclude Include="FromsoftFormat\NMBReader\TinyXML\tinyxml2.h">
      <Filter>File di intestazione</Filter>
    </ClInclude>
    <ClInclude Include="FlverModel\FlverModel.h">
      <Filter>File di intestazione</Filter>
    </ClInclude>
    <ClInclude Include="Math\Math.h">
      <Filter>File di intestazione</Filter>
    </ClInclude>
    <ClInclude Include="FromsoftFormat\Utils\MemReader\MemReader.h">
      <Filter>File di intestazione</Filter>
    </ClInclude>
    <ClInclude Include="FromsoftFormat\Morpheme\NMBReader\ME\TinyXML\tinyxml2.h">
      <Filter>File di intestazione</Filter>
    </ClInclude>
    <ClInclude Include="FromsoftFormat\Morpheme\NMBReader\ME\ME.h">
      <Filter>File di intestazione</Filter>
    </ClInclude>
    <ClInclude Include="FromsoftFormat\Morpheme\NMBReader\MorphemeBundle\NodeAttrib\NodeAttribBase.h">
      <Filter>File di intestazione</Filter>
    </ClInclude>
    <ClInclude Include="FromsoftFormat\Morpheme\NMBReader\MorphemeBundle\NodeAttrib\NodeAttribBool.h">
      <Filter>File di intestazione</Filter>
    </ClInclude>
    <ClInclude Include="FromsoftFormat\Morpheme\NMBReader\MorphemeBundle\NodeAttrib\NodeAttribSourceAnim.h">
      <Filter>File di intestazione</Filter>
    </ClInclude>
    <ClInclude Include="FromsoftFormat\Morpheme\NMBReader\MorphemeBundle\NodeAttrib\NodeAttribSourceEventTrack.h">
      <Filter>File di intestazione</Filter>
    </ClInclude>
    <ClInclude Include="FromsoftFormat\Morpheme\NMBReader\MorphemeBundle\NodeAttrib\NodeAttribUnknown.h">
      <Filter>File di intestazione</Filter>
    </ClInclude>
    <ClInclude Include="FromsoftFormat\Morpheme\NMBReader\MorphemeBundle\MorphemeBundle.h">
      <Filter>File di intestazione</Filter>
    </ClInclude>
    <ClInclude Include="FromsoftFormat\Morpheme\NMBReader\MorphemeBundle\MorphemeBundle_Base.h">
      <Filter>File di intestazione</Filter>
    </ClInclude>
    <ClInclude Include="FromsoftFormat\Morpheme\NMBReader\MorphemeBundle\MorphemeBundle_EventTrack.h">
      <Filter>File di intestazione</Filter>
    </ClInclude>
    <ClInclude Include="FromsoftFormat\Morpheme\NMBReader\MorphemeBundle\MorphemeBundle_FileNameLookupTable.h">
      <Filter>File di intestazione</Filter>
    </ClInclude>
    <ClInclude Include="FromsoftFormat\Morpheme\NMBReader\MorphemeBundle\MorphemeBundle_Header.h">
      <Filter>File di intestazione</Filter>
    </ClInclude>
    <ClInclude Include="FromsoftFormat\Morpheme\NMBReader\MorphemeBundle\MorphemeBundle_NetworkDef.h">
      <Filter>File di intestazione</Filter>
    </ClInclude>
    <ClInclude Include="FromsoftFormat\Morpheme\NMBReader\MorphemeBundle\MorphemeBundle_Rig.h">
      <Filter>File di intestazione</Filter>
    </ClInclude>
    <ClInclude Include="FromsoftFormat\Morpheme\NMBReader\NMBReader.h">
      <Filter>File di intestazione</Filter>
    </ClInclude>
    <ClInclude Include="FromsoftFormat\Morpheme\NSAReader\NSAReader.h">
      <Filter>File di intestazione</Filter>
    </ClInclude>
  </ItemGroup>
  <ItemGroup>
    <ClCompile Include="imsequencer\ImSequencer.cpp">
      <Filter>File di origine\imsequencer</Filter>
    </ClCompile>
    <ClCompile Include="DebugOutput\Debug.cpp">
      <Filter>File di origine\Debug</Filter>
    </ClCompile>
    <ClCompile Include="Application\Application.cpp">
      <Filter>File di origine\Application</Filter>
    </ClCompile>
    <ClCompile Include="EventTrackEditor\EventTrackEditor.h">
      <Filter>File di intestazione\EventTrackEditor</Filter>
    </ClCompile>
    <ClCompile Include="EventTrackEditor\EventTrackEditor.cpp">
      <Filter>File di origine\EventTrackEditor</Filter>
    </ClCompile>
    <ClCompile Include="MorphemeConnect.cpp">
      <Filter>File di origine</Filter>
    </ClCompile>
    <ClCompile Include="TimeActEditor\TimeActEditor.cpp">
      <Filter>File di origine\TimeActEditor</Filter>
    </ClCompile>
    <ClCompile Include="inih\ini.c">
      <Filter>File di origine\inih</Filter>
    </ClCompile>
    <ClCompile Include="inih\INIReader.cpp">
      <Filter>File di origine\inih</Filter>
    </ClCompile>
    <ClCompile Include="StringHelper\StringHelper.cpp">
      <Filter>File di origine\StringHelper</Filter>
    </ClCompile>
    <ClCompile Include="Scene\Scene.cpp">
      <Filter>File di origine\Scene</Filter>
    </ClCompile>
    <ClCompile Include="Scene\DebugDraw.cpp">
      <Filter>File di origine\Scene</Filter>
    </ClCompile>
    <ClCompile Include="Scene\Camera\Camera.cpp">
      <Filter>File di origine\Scene\Camera</Filter>
    </ClCompile>
    <ClCompile Include="FromsoftFormat\TimeActReader\TimeActReader.cpp">
      <Filter>File di origine\FromsoftReader\TimeActReader</Filter>
    </ClCompile>
    <ClCompile Include="FromsoftFormat\TimeActReader\TimeActEvent\TimeActEvent.cpp">
      <Filter>File di origine\FromsoftReader\TimeActReader\TimeActEvent</Filter>
    </ClCompile>
    <ClCompile Include="FromsoftFormat\FlverReader\FlverReader.cpp">
      <Filter>File di origine\FromsoftReader\FlverReader</Filter>
    </ClCompile>
    <ClCompile Include="FromsoftFormat\BNDReader\BNDReader.cpp">
      <Filter>File di origine\FromsoftReader\BNDReader</Filter>
    </ClCompile>
    <ClCompile Include="fromloader\src\formats\binder\binder.cpp">
      <Filter>File di intestazione\fromloader</Filter>
    </ClCompile>
    <ClCompile Include="fromloader\src\formats\binder\bnd\bnd3.cpp">
      <Filter>File di intestazione\fromloader</Filter>
    </ClCompile>
    <ClCompile Include="fromloader\src\formats\binder\bnd\bnd4.cpp">
      <Filter>File di intestazione\fromloader</Filter>
    </ClCompile>
    <ClCompile Include="fromloader\src\formats\dcx\dcx.cpp">
      <Filter>File di intestazione\fromloader</Filter>
    </ClCompile>
    <ClCompile Include="fromloader\src\formats\flver\flver.cpp">
      <Filter>File di intestazione\fromloader</Filter>
    </ClCompile>
    <ClCompile Include="fromloader\src\formats\flver\flver0\flver0.cpp">
      <Filter>File di intestazione\fromloader</Filter>
    </ClCompile>
    <ClCompile Include="fromloader\src\formats\flver\flver2\flver2.cpp">
      <Filter>File di intestazione\fromloader</Filter>
    </ClCompile>
    <ClCompile Include="fromloader\src\formats\flver\flver2\flver2_helpers.cpp">
      <Filter>File di intestazione\fromloader</Filter>
    </ClCompile>
    <ClCompile Include="fromloader\src\formats\mtd\mtd.cpp">
      <Filter>File di intestazione\fromloader</Filter>
    </ClCompile>
    <ClCompile Include="fromloader\src\formats\paramdef\paramdef.cpp">
      <Filter>File di intestazione\fromloader</Filter>
    </ClCompile>
    <ClCompile Include="fromloader\src\open.cpp">
      <Filter>File di intestazione\fromloader</Filter>
    </ClCompile>
    <ClCompile Include="fromloader\src\util\endian\endian.cpp">
      <Filter>File di intestazione\fromloader</Filter>
    </ClCompile>
    <ClCompile Include="fromloader\src\util\file\file.cpp">
      <Filter>File di intestazione\fromloader</Filter>
    </ClCompile>
    <ClCompile Include="fromloader\src\util\fileio\fileio.cpp">
      <Filter>File di intestazione\fromloader</Filter>
    </ClCompile>
    <ClCompile Include="fromloader\src\util\inflate\inflate.cpp">
      <Filter>File di intestazione\fromloader</Filter>
    </ClCompile>
    <ClCompile Include="fromloader\src\util\stringio\stringio.cpp">
      <Filter>File di intestazione\fromloader</Filter>
    </ClCompile>
    <ClCompile Include="fromloader\src\util\types\types.cpp">
      <Filter>File di intestazione\fromloader</Filter>
    </ClCompile>
    <ClCompile Include="fromloader\src\util\validate\validate.cpp">
      <Filter>File di intestazione\fromloader</Filter>
    </ClCompile>
    <ClCompile Include="fromloader\cmem.c">
      <Filter>File di intestazione\fromloader</Filter>
    </ClCompile>
    <ClCompile Include="fromloader\umem.c">
      <Filter>File di intestazione\fromloader</Filter>
    </ClCompile>
    <ClCompile Include="FromsoftFormat\TimeActReader\TimeActEvent\TimeActEventData\TimeActEventData.cpp">
      <Filter>File di origine</Filter>
    </ClCompile>
    <ClCompile Include="TaeTemplate\TaeTemplate.cpp">
      <Filter>File di origine\TaeTemplate</Filter>
    </ClCompile>
    <ClCompile Include="ProcessReader\ProcessReader.cpp">
      <Filter>File di origine</Filter>
    </ClCompile>
    <ClCompile Include="imgui\imgui.cpp">
      <Filter>File di origine</Filter>
    </ClCompile>
    <ClCompile Include="imgui\imgui_demo.cpp">
      <Filter>File di origine</Filter>
    </ClCompile>
    <ClCompile Include="imgui\imgui_draw.cpp">
      <Filter>File di origine</Filter>
    </ClCompile>
    <ClCompile Include="imgui\imgui_impl_dx11.cpp">
      <Filter>File di origine</Filter>
    </ClCompile>
    <ClCompile Include="imgui\imgui_impl_win32.cpp">
      <Filter>File di origine</Filter>
    </ClCompile>
    <ClCompile Include="imgui\imgui_tables.cpp">
      <Filter>File di origine</Filter>
    </ClCompile>
    <ClCompile Include="imgui\imgui_widgets.cpp">
      <Filter>File di origine</Filter>
    </ClCompile>
    <ClCompile Include="imgui\custom\imgui_custom_logic.cpp">
      <Filter>File di origine</Filter>
    </ClCompile>
    <ClCompile Include="imgui\custom\imgui_custom_widget.cpp">
      <Filter>File di origine</Filter>
    </ClCompile>
    <ClCompile Include="FlverModel\FlverModel.cpp">
      <Filter>File di origine</Filter>
    </ClCompile>
    <ClCompile Include="Math\Math.cpp">
      <Filter>File di origine</Filter>
    </ClCompile>
    <ClCompile Include="FromsoftFormat\Morpheme\NMBReader\ME\TinyXML\tinyxml2.cpp">
      <Filter>File di origine</Filter>
    </ClCompile>
    <ClCompile Include="FromsoftFormat\Morpheme\NMBReader\ME\ME.cpp">
      <Filter>File di origine</Filter>
    </ClCompile>
    <ClCompile Include="FromsoftFormat\Morpheme\NMBReader\MorphemeBundle\NodeAttrib\NodeAttribBase.cpp">
      <Filter>File di origine</Filter>
    </ClCompile>
    <ClCompile Include="FromsoftFormat\Morpheme\NMBReader\MorphemeBundle\NodeAttrib\NodeAttribBool.cpp">
      <Filter>File di origine</Filter>
    </ClCompile>
    <ClCompile Include="FromsoftFormat\Morpheme\NMBReader\MorphemeBundle\NodeAttrib\NodeAttribSourceAnim.cpp">
      <Filter>File di origine</Filter>
    </ClCompile>
    <ClCompile Include="FromsoftFormat\Morpheme\NMBReader\MorphemeBundle\NodeAttrib\NodeAttribSourceEventTrack.cpp">
      <Filter>File di origine</Filter>
    </ClCompile>
    <ClCompile Include="FromsoftFormat\Morpheme\NMBReader\MorphemeBundle\NodeAttrib\NodeAttribUnknown.cpp">
      <Filter>File di origine</Filter>
    </ClCompile>
    <ClCompile Include="FromsoftFormat\Morpheme\NMBReader\MorphemeBundle\MorphemeBundle.cpp">
      <Filter>File di origine</Filter>
    </ClCompile>
    <ClCompile Include="FromsoftFormat\Morpheme\NMBReader\MorphemeBundle\MorphemeBundle_EventTrack.cpp">
      <Filter>File di origine</Filter>
    </ClCompile>
    <ClCompile Include="FromsoftFormat\Morpheme\NMBReader\MorphemeBundle\MorphemeBundle_FileNameLookupTable.cpp">
      <Filter>File di origine</Filter>
    </ClCompile>
    <ClCompile Include="FromsoftFormat\Morpheme\NMBReader\MorphemeBundle\MorphemeBundle_Header.cpp">
      <Filter>File di origine</Filter>
    </ClCompile>
    <ClCompile Include="FromsoftFormat\Morpheme\NMBReader\MorphemeBundle\MorphemeBundle_NetworkDef.cpp">
      <Filter>File di origine</Filter>
    </ClCompile>
    <ClCompile Include="FromsoftFormat\Morpheme\NMBReader\MorphemeBundle\MorphemeBundle_Rig.cpp">
      <Filter>File di origine</Filter>
    </ClCompile>
    <ClCompile Include="FromsoftFormat\Morpheme\NMBReader\NMBReader.cpp">
      <Filter>File di origine</Filter>
    </ClCompile>
    <ClCompile Include="FromsoftFormat\Morpheme\NSAReader\NSAReader.cpp">
      <Filter>File di origine</Filter>
    </ClCompile>
  </ItemGroup>
  <ItemGroup>
    <ResourceCompile Include="MorphemeConnect.rc">
      <Filter>File di risorse</Filter>
    </ResourceCompile>
  </ItemGroup>
  <ItemGroup>
    <Image Include="small.ico">
      <Filter>File di risorse</Filter>
    </Image>
    <Image Include="MorphemeConnect.ico">
      <Filter>File di risorse</Filter>
    </Image>
  </ItemGroup>
  <ItemGroup>
    <None Include="fromloader\src\util\stringio\simple_sjis_table.bin">
      <Filter>File di intestazione\fromloader</Filter>
    </None>
    <None Include="rotate.cur">
      <Filter>File di risorse</Filter>
    </None>
    <None Include="rotate_alt.cur">
      <Filter>File di risorse</Filter>
    </None>
    <None Include="packages.config" />
  </ItemGroup>
</Project>